
Microsoft Visual Studio Solution File, Format Version 12.00
# Visual Studio Version 17
VisualStudioVersion = 17.13.35806.99
MinimumVisualStudioVersion = 10.0.40219.1
Project("{FAE04EC0-301F-11D3-BF4B-00C04F79EFBC}") = "FaceRecognizer", "FaceRecognizer.csproj", "{935301E9-0FF0-40E8-B830-C0335F7C26B9}"
EndProject
Global
	GlobalSection(SolutionConfigurationPlatforms) = preSolution
		Debug|Any CPU = Debug|Any CPU
		Release|Any CPU = Release|Any CPU
	EndGlobalSection
	GlobalSection(ProjectConfigurationPlatforms) = postSolution
		{935301E9-0FF0-40E8-B830-C0335F7C26B9}.Debug|Any CPU.ActiveCfg = Debug|Any CPU
		{935301E9-0FF0-40E8-B830-C0335F7C26B9}.Debug|Any CPU.Build.0 = Debug|Any CPU
		{935301E9-0FF0-40E8-B830-C0335F7C26B9}.Release|Any CPU.ActiveCfg = Release|Any CPU
		{935301E9-0FF0-40E8-B830-C0335F7C26B9}.Release|Any CPU.Build.0 = Release|Any CPU
	EndGlobalSection
	GlobalSection(SolutionProperties) = preSolution
		HideSolutionNode = FALSE
	EndGlobalSection
	GlobalSection(ExtensibilityGlobals) = postSolution
		SolutionGuid = {88A79D5E-464D-4B6C-80D1-5B461CFFC0C5}
	EndGlobalSection
EndGlobal
